
Microsoft Visual Studio Solution File, Format Version 12.00
# Visual Studio Version 17
VisualStudioVersion = 17.2.32616.157
MinimumVisualStudioVersion = 10.0.40219.1
Project("{FAE04EC0-301F-11D3-BF4B-00C04F79EFBC}") = "StudioElevenLibWindows", "StudioElevenLib\StudioElevenLibWindows.csproj", "{D4944D79-C57F-4CA2-9910-B1A40D99B7A3}"
EndProject
Project("{FAE04EC0-301F-11D3-BF4B-00C04F79EFBC}") = "StudioElevenLibZTest", "StudioElevenLibTest\StudioElevenLibZTest.csproj", "{840B2633-A559-440E-A47B-14AF7B0FF969}"
	ProjectSection(ProjectDependencies) = postProject
		{D4944D79-C57F-4CA2-9910-B1A40D99B7A3} = {D4944D79-C57F-4CA2-9910-B1A40D99B7A3}
	EndProjectSection
EndProject
Project("{FAE04EC0-301F-11D3-BF4B-00C04F79EFBC}") = "StudioElevenLibMultiplatform", "StudioElevenLibMultiplatform\StudioElevenLibMultiplatform.csproj", "{45DC6B00-D796-42FD-B985-DAB3DDFB1358}"
EndProject
Global
	GlobalSection(SolutionConfigurationPlatforms) = preSolution
		Debug|Any CPU = Debug|Any CPU
		Release|Any CPU = Release|Any CPU
	EndGlobalSection
	GlobalSection(ProjectConfigurationPlatforms) = postSolution
		{D4944D79-C57F-4CA2-9910-B1A40D99B7A3}.Debug|Any CPU.ActiveCfg = Release|Any CPU
		{D4944D79-C57F-4CA2-9910-B1A40D99B7A3}.Debug|Any CPU.Build.0 = Release|Any CPU
		{D4944D79-C57F-4CA2-9910-B1A40D99B7A3}.Release|Any CPU.ActiveCfg = Release|Any CPU
		{D4944D79-C57F-4CA2-9910-B1A40D99B7A3}.Release|Any CPU.Build.0 = Release|Any CPU
		{840B2633-A559-440E-A47B-14AF7B0FF969}.Debug|Any CPU.ActiveCfg = Debug|Any CPU
		{840B2633-A559-440E-A47B-14AF7B0FF969}.Debug|Any CPU.Build.0 = Debug|Any CPU
		{840B2633-A559-440E-A47B-14AF7B0FF969}.Release|Any CPU.ActiveCfg = Debug|Any CPU
		{840B2633-A559-440E-A47B-14AF7B0FF969}.Release|Any CPU.Build.0 = Debug|Any CPU
		{45DC6B00-D796-42FD-B985-DAB3DDFB1358}.Debug|Any CPU.ActiveCfg = Debug|Any CPU
		{45DC6B00-D796-42FD-B985-DAB3DDFB1358}.Debug|Any CPU.Build.0 = Debug|Any CPU
		{45DC6B00-D796-42FD-B985-DAB3DDFB1358}.Release|Any CPU.ActiveCfg = Release|Any CPU
		{45DC6B00-D796-42FD-B985-DAB3DDFB1358}.Release|Any CPU.Build.0 = Release|Any CPU
	EndGlobalSection
	GlobalSection(SolutionProperties) = preSolution
		HideSolutionNode = FALSE
	EndGlobalSection
	GlobalSection(ExtensibilityGlobals) = postSolution
		SolutionGuid = {25FCC667-2328-4A8A-A3E4-565ED3D3CAE3}
	EndGlobalSection
EndGlobal
